
Microsoft Visual Studio Solution File, Format Version 12.00
# Visual Studio Version 16
VisualStudioVersion = 16.0.31205.134
MinimumVisualStudioVersion = 10.0.40219.1
Project("{FAE04EC0-301F-11D3-BF4B-00C04F79EFBC}") = "CopyDirectory", "CopyDirectory\CopyDirectory.csproj", "{1DC448F1-5F71-4793-91DC-A22276E1E53A}"
EndProject
Global
	GlobalSection(SolutionConfigurationPlatforms) = preSolution
		Debug|Any CPU = Debug|Any CPU
		Release|Any CPU = Release|Any CPU
	EndGlobalSection
	GlobalSection(ProjectConfigurationPlatforms) = postSolution
		{1DC448F1-5F71-4793-91DC-A22276E1E53A}.Debug|Any CPU.ActiveCfg = Debug|Any CPU
		{1DC448F1-5F71-4793-91DC-A22276E1E53A}.Debug|Any CPU.Build.0 = Debug|Any CPU
		{1DC448F1-5F71-4793-91DC-A22276E1E53A}.Release|Any CPU.ActiveCfg = Release|Any CPU
		{1DC448F1-5F71-4793-91DC-A22276E1E53A}.Release|Any CPU.Build.0 = Release|Any CPU
	EndGlobalSection
	GlobalSection(SolutionProperties) = preSolution
		HideSolutionNode = FALSE
	EndGlobalSection
	GlobalSection(ExtensibilityGlobals) = postSolution
		SolutionGuid = {B71D1A2D-3DFF-4E80-822B-A9A94CFB4DCA}
	EndGlobalSection
EndGlobal
